{
  "name": "sdk",
  "version": "1.0.0",
  "lockfileVersion": 3,
  "requires": true,
  "packages": {
    "": {
      "name": "sdk",
      "version": "1.0.0",
      "license": "ISC",
      "dependencies": {
        "@directus/sdk": "^20.3.0"
      }
    },
    "node_modules/@directus/sdk": {
      "version": "20.3.0",
      "resolved": "https://registry.npmjs.org/@directus/sdk/-/sdk-20.3.0.tgz",
      "integrity": "sha512-auy59B0A7Ri+4JDy0JcdFHnsHvOkl3ixWMWYciXAbm4oYIE9S4be8xEpIwA5qhlPTOprJ6JHPWo9rEvcrLwNtA==",
      "engines": {
        "node": ">=22"
      },
      "funding": {
        "url": "https://github.com/directus/directus?sponsor=1"
      }
    }
  }
}
